// !$*UTF8*$!
{
	archiveVersion = 1;
	classes = {
	};
	objectVersion = 55;
	objects = {

/* Begin PBXBuildFile section */
		9719A57528B63C8C000FBB9D /* BackupTableViewCell.swift in Sources */ = {isa = PBXBuildFile; fileRef = 9719A57428B63C8C000FBB9D /* BackupTableViewCell.swift */; };
		9719A57728B6402F000FBB9D /* BackupViewController+Extension.swift in Sources */ = {isa = PBXBuildFile; fileRef = 9719A57628B6402F000FBB9D /* BackupViewController+Extension.swift */; };
		9719A57A28B658EC000FBB9D /* DetailViewController.swift in Sources */ = {isa = PBXBuildFile; fileRef = 9719A57928B658EC000FBB9D /* DetailViewController.swift */; };
		9719A57C28B658F2000FBB9D /* DetailView.swift in Sources */ = {isa = PBXBuildFile; fileRef = 9719A57B28B658F2000FBB9D /* DetailView.swift */; };
		9731733B28B227E20068561D /* ImageCollectionViewCell.swift in Sources */ = {isa = PBXBuildFile; fileRef = 9731733A28B227E20068561D /* ImageCollectionViewCell.swift */; };
		9731733D28B2281F0068561D /* ImageSelectViewController+Extension.swift in Sources */ = {isa = PBXBuildFile; fileRef = 9731733C28B2281F0068561D /* ImageSelectViewController+Extension.swift */; };
		9731733F28B22B430068561D /* BaseCollectionViewCell.swift in Sources */ = {isa = PBXBuildFile; fileRef = 9731733E28B22B430068561D /* BaseCollectionViewCell.swift */; };
		9731734328B239100068561D /* UICollectionViewCell+Extension.swift in Sources */ = {isa = PBXBuildFile; fileRef = 9731734228B239100068561D /* UICollectionViewCell+Extension.swift */; };
		9731734628B24A240068561D /* JGProgressHUD in Frameworks */ = {isa = PBXBuildFile; productRef = 9731734528B24A240068561D /* JGProgressHUD */; };
		9731734928B299000068561D /* StartViewController+Extension.swift in Sources */ = {isa = PBXBuildFile; fileRef = 9731734828B299000068561D /* StartViewController+Extension.swift */; };
		9731734C28B299470068561D /* StartTableViewCell.swift in Sources */ = {isa = PBXBuildFile; fileRef = 9731734B28B299470068561D /* StartTableViewCell.swift */; };
		9731734E28B299600068561D /* UITableViewCell+Extension.swift in Sources */ = {isa = PBXBuildFile; fileRef = 9731734D28B299600068561D /* UITableViewCell+Extension.swift */; };
		9731735028B29A1E0068561D /* BaseTableViewCell.swift in Sources */ = {isa = PBXBuildFile; fileRef = 9731734F28B29A1E0068561D /* BaseTableViewCell.swift */; };
		973A2CBB28B9CE3D00917DC0 /* TabBarController.swift in Sources */ = {isa = PBXBuildFile; fileRef = 973A2CBA28B9CE3D00917DC0 /* TabBarController.swift */; };
		973A2CC128B9D68200917DC0 /* SearchViewController.swift in Sources */ = {isa = PBXBuildFile; fileRef = 973A2CC028B9D68200917DC0 /* SearchViewController.swift */; };
		973A2CC628B9DE6300917DC0 /* SearchView.swift in Sources */ = {isa = PBXBuildFile; fileRef = 973A2CC528B9DE6300917DC0 /* SearchView.swift */; };
		973A2CC828BA3BF500917DC0 /* SearchTableViewCell.swift in Sources */ = {isa = PBXBuildFile; fileRef = 973A2CC728BA3BF500917DC0 /* SearchTableViewCell.swift */; };
		973A2CCB28BA3FC000917DC0 /* SearchViewController+Extension.swift in Sources */ = {isa = PBXBuildFile; fileRef = 973A2CCA28BA3FC000917DC0 /* SearchViewController+Extension.swift */; };
		977A3FA028B7016300B0E342 /* Zip in Frameworks */ = {isa = PBXBuildFile; productRef = 977A3F9F28B7016300B0E342 /* Zip */; };
		97A1927B28B3163C0053E452 /* Realm in Frameworks */ = {isa = PBXBuildFile; productRef = 97A1927A28B3163C0053E452 /* Realm */; };
		97A1927D28B3163C0053E452 /* RealmSwift in Frameworks */ = {isa = PBXBuildFile; productRef = 97A1927C28B3163C0053E452 /* RealmSwift */; };
		97A1928028B319E60053E452 /* RealmModel.swift in Sources */ = {isa = PBXBuildFile; fileRef = 97A1927F28B319E60053E452 /* RealmModel.swift */; };
		97BA742728B5A5AB008458DF /* Transition+Extension.swift in Sources */ = {isa = PBXBuildFile; fileRef = 97BA742628B5A5AB008458DF /* Transition+Extension.swift */; };
		97BA742928B5D262008458DF /* FileManager+Extension.swift in Sources */ = {isa = PBXBuildFile; fileRef = 97BA742828B5D262008458DF /* FileManager+Extension.swift */; };
		97BA743328B625FF008458DF /* BackupViewController.swift in Sources */ = {isa = PBXBuildFile; fileRef = 97BA743228B625FF008458DF /* BackupViewController.swift */; };
		97BA743528B62608008458DF /* BackupView.swift in Sources */ = {isa = PBXBuildFile; fileRef = 97BA743428B62608008458DF /* BackupView.swift */; };
		97D3D56A28B0C94700BECC8B /* AppDelegate.swift in Sources */ = {isa = PBXBuildFile; fileRef = 97D3D56928B0C94700BECC8B /* AppDelegate.swift */; };
		97D3D56C28B0C94700BECC8B /* SceneDelegate.swift in Sources */ = {isa = PBXBuildFile; fileRef = 97D3D56B28B0C94700BECC8B /* SceneDelegate.swift */; };
		97D3D56E28B0C94700BECC8B /* StartViewController.swift in Sources */ = {isa = PBXBuildFile; fileRef = 97D3D56D28B0C94700BECC8B /* StartViewController.swift */; };
		97D3D57128B0C94700BECC8B /* Main.storyboard in Resources */ = {isa = PBXBuildFile; fileRef = 97D3D56F28B0C94700BECC8B /* Main.storyboard */; };
		97D3D57328B0C94800BECC8B /* Assets.xcassets in Resources */ = {isa = PBXBuildFile; fileRef = 97D3D57228B0C94800BECC8B /* Assets.xcassets */; };
		97D3D57628B0C94800BECC8B /* LaunchScreen.storyboard in Resources */ = {isa = PBXBuildFile; fileRef = 97D3D57428B0C94800BECC8B /* LaunchScreen.storyboard */; };
		97D3D57F28B0C9FC00BECC8B /* BaseViewController.swift in Sources */ = {isa = PBXBuildFile; fileRef = 97D3D57E28B0C9FC00BECC8B /* BaseViewController.swift */; };
		97D3D58128B0CA0500BECC8B /* BaseView.swift in Sources */ = {isa = PBXBuildFile; fileRef = 97D3D58028B0CA0500BECC8B /* BaseView.swift */; };
		97D3D58528B0DF8B00BECC8B /* StartView.swift in Sources */ = {isa = PBXBuildFile; fileRef = 97D3D58428B0DF8B00BECC8B /* StartView.swift */; };
		97D3D58828B0E01700BECC8B /* DiaryModel.swift in Sources */ = {isa = PBXBuildFile; fileRef = 97D3D58728B0E01700BECC8B /* DiaryModel.swift */; };
		97D3D58C28B0E43500BECC8B /* WriteViewController.swift in Sources */ = {isa = PBXBuildFile; fileRef = 97D3D58B28B0E43500BECC8B /* WriteViewController.swift */; };
		97D3D58E28B0E43C00BECC8B /* WriteView.swift in Sources */ = {isa = PBXBuildFile; fileRef = 97D3D58D28B0E43C00BECC8B /* WriteView.swift */; };
		97D3D59028B0E44900BECC8B /* ImageSelectViewController.swift in Sources */ = {isa = PBXBuildFile; fileRef = 97D3D58F28B0E44900BECC8B /* ImageSelectViewController.swift */; };
		97D3D59228B0E45000BECC8B /* ImageSelectView.swift in Sources */ = {isa = PBXBuildFile; fileRef = 97D3D59128B0E45000BECC8B /* ImageSelectView.swift */; };
		97D3D59428B0EB4C00BECC8B /* CustomTitleTextField.swift in Sources */ = {isa = PBXBuildFile; fileRef = 97D3D59328B0EB4C00BECC8B /* CustomTitleTextField.swift */; };
		97D3D59728B0F99100BECC8B /* SnapKit in Frameworks */ = {isa = PBXBuildFile; productRef = 97D3D59628B0F99100BECC8B /* SnapKit */; };
		97D3D59F28B117CA00BECC8B /* CustomTextView.swift in Sources */ = {isa = PBXBuildFile; fileRef = 97D3D59E28B117CA00BECC8B /* CustomTextView.swift */; };
		97E9BCBF28B1E8DE00DEC5C0 /* ImageSearchModel.swift in Sources */ = {isa = PBXBuildFile; fileRef = 97E9BCBE28B1E8DE00DEC5C0 /* ImageSearchModel.swift */; };
		97E9BCC228B1EF1900DEC5C0 /* ImageAPIManager.swift in Sources */ = {isa = PBXBuildFile; fileRef = 97E9BCC128B1EF1900DEC5C0 /* ImageAPIManager.swift */; };
		97E9BCC528B1EF2B00DEC5C0 /* Kingfisher in Frameworks */ = {isa = PBXBuildFile; productRef = 97E9BCC428B1EF2B00DEC5C0 /* Kingfisher */; };
		97E9BCC828B1EF3400DEC5C0 /* Alamofire in Frameworks */ = {isa = PBXBuildFile; productRef = 97E9BCC728B1EF3400DEC5C0 /* Alamofire */; };
		97E9BCCB28B1EF3F00DEC5C0 /* SwiftyJSON in Frameworks */ = {isa = PBXBuildFile; productRef = 97E9BCCA28B1EF3F00DEC5C0 /* SwiftyJSON */; };
		97E9BCCD28B1EFEE00DEC5C0 /* .gitignore in Resources */ = {isa = PBXBuildFile; fileRef = 97E9BCCC28B1EFEE00DEC5C0 /* .gitignore */; };
		97E9BCD128B1F02F00DEC5C0 /* Key.swift in Sources */ = {isa = PBXBuildFile; fileRef = 97E9BCD028B1F02F00DEC5C0 /* Key.swift */; };
		97E9BCD428B1F33900DEC5C0 /* EndPoint.swift in Sources */ = {isa = PBXBuildFile; fileRef = 97E9BCD328B1F33900DEC5C0 /* EndPoint.swift */; };
		97F803F828B8558D00236071 /* UserDiaryRepository.swift in Sources */ = {isa = PBXBuildFile; fileRef = 97F803F728B8558D00236071 /* UserDiaryRepository.swift */; };
		97F803FB28B8615900236071 /* FSCalendar in Frameworks */ = {isa = PBXBuildFile; productRef = 97F803FA28B8615900236071 /* FSCalendar */; };
		97F803FE28B91E1B00236071 /* UIViewController+Extension.swift in Sources */ = {isa = PBXBuildFile; fileRef = 97F803FD28B91E1B00236071 /* UIViewController+Extension.swift */; };
/* End PBXBuildFile section */

/* Begin PBXFileReference section */
		9719A57428B63C8C000FBB9D /* BackupTableViewCell.swift */ = {isa = PBXFileReference; lastKnownFileType = sourcecode.swift; path = BackupTableViewCell.swift; sourceTree = "<group>"; };
		9719A57628B6402F000FBB9D /* BackupViewController+Extension.swift */ = {isa = PBXFileReference; lastKnownFileType = sourcecode.swift; path = "BackupViewController+Extension.swift"; sourceTree = "<group>"; };
		9719A57928B658EC000FBB9D /* DetailViewController.swift */ = {isa = PBXFileReference; lastKnownFileType = sourcecode.swift; path = DetailViewController.swift; sourceTree = "<group>"; };
		9719A57B28B658F2000FBB9D /* DetailView.swift */ = {isa = PBXFileReference; lastKnownFileType = sourcecode.swift; path = DetailView.swift; sourceTree = "<group>"; };
		9731733A28B227E20068561D /* ImageCollectionViewCell.swift */ = {isa = PBXFileReference; lastKnownFileType = sourcecode.swift; path = ImageCollectionViewCell.swift; sourceTree = "<group>"; };
		9731733C28B2281F0068561D /* ImageSelectViewController+Extension.swift */ = {isa = PBXFileReference; lastKnownFileType = sourcecode.swift; path = "ImageSelectViewController+Extension.swift"; sourceTree = "<group>"; };
		9731733E28B22B430068561D /* BaseCollectionViewCell.swift */ = {isa = PBXFileReference; lastKnownFileType = sourcecode.swift; path = BaseCollectionViewCell.swift; sourceTree = "<group>"; };
		9731734228B239100068561D /* UICollectionViewCell+Extension.swift */ = {isa = PBXFileReference; lastKnownFileType = sourcecode.swift; path = "UICollectionViewCell+Extension.swift"; sourceTree = "<group>"; };
		9731734828B299000068561D /* StartViewController+Extension.swift */ = {isa = PBXFileReference; lastKnownFileType = sourcecode.swift; path = "StartViewController+Extension.swift"; sourceTree = "<group>"; };
		9731734B28B299470068561D /* StartTableViewCell.swift */ = {isa = PBXFileReference; lastKnownFileType = sourcecode.swift; path = StartTableViewCell.swift; sourceTree = "<group>"; };
		9731734D28B299600068561D /* UITableViewCell+Extension.swift */ = {isa = PBXFileReference; lastKnownFileType = sourcecode.swift; path = "UITableViewCell+Extension.swift"; sourceTree = "<group>"; };
		9731734F28B29A1E0068561D /* BaseTableViewCell.swift */ = {isa = PBXFileReference; lastKnownFileType = sourcecode.swift; path = BaseTableViewCell.swift; sourceTree = "<group>"; };
		973A2CBA28B9CE3D00917DC0 /* TabBarController.swift */ = {isa = PBXFileReference; lastKnownFileType = sourcecode.swift; path = TabBarController.swift; sourceTree = "<group>"; };
		973A2CC028B9D68200917DC0 /* SearchViewController.swift */ = {isa = PBXFileReference; lastKnownFileType = sourcecode.swift; path = SearchViewController.swift; sourceTree = "<group>"; };
		973A2CC528B9DE6300917DC0 /* SearchView.swift */ = {isa = PBXFileReference; lastKnownFileType = sourcecode.swift; path = SearchView.swift; sourceTree = "<group>"; };
		973A2CC728BA3BF500917DC0 /* SearchTableViewCell.swift */ = {isa = PBXFileReference; lastKnownFileType = sourcecode.swift; path = SearchTableViewCell.swift; sourceTree = "<group>"; };
		973A2CCA28BA3FC000917DC0 /* SearchViewController+Extension.swift */ = {isa = PBXFileReference; lastKnownFileType = sourcecode.swift; path = "SearchViewController+Extension.swift"; sourceTree = "<group>"; };
		97A1927F28B319E60053E452 /* RealmModel.swift */ = {isa = PBXFileReference; lastKnownFileType = sourcecode.swift; path = RealmModel.swift; sourceTree = "<group>"; };
		97BA742628B5A5AB008458DF /* Transition+Extension.swift */ = {isa = PBXFileReference; lastKnownFileType = sourcecode.swift; path = "Transition+Extension.swift"; sourceTree = "<group>"; };
		97BA742828B5D262008458DF /* FileManager+Extension.swift */ = {isa = PBXFileReference; lastKnownFileType = sourcecode.swift; path = "FileManager+Extension.swift"; sourceTree = "<group>"; };
		97BA743228B625FF008458DF /* BackupViewController.swift */ = {isa = PBXFileReference; lastKnownFileType = sourcecode.swift; path = BackupViewController.swift; sourceTree = "<group>"; };
		97BA743428B62608008458DF /* BackupView.swift */ = {isa = PBXFileReference; lastKnownFileType = sourcecode.swift; path = BackupView.swift; sourceTree = "<group>"; };
		97D3D56628B0C94700BECC8B /* Sesac_Diary.app */ = {isa = PBXFileReference; explicitFileType = wrapper.application; includeInIndex = 0; path = Sesac_Diary.app; sourceTree = BUILT_PRODUCTS_DIR; };
		97D3D56928B0C94700BECC8B /* AppDelegate.swift */ = {isa = PBXFileReference; lastKnownFileType = sourcecode.swift; path = AppDelegate.swift; sourceTree = "<group>"; };
		97D3D56B28B0C94700BECC8B /* SceneDelegate.swift */ = {isa = PBXFileReference; lastKnownFileType = sourcecode.swift; path = SceneDelegate.swift; sourceTree = "<group>"; };
		97D3D56D28B0C94700BECC8B /* StartViewController.swift */ = {isa = PBXFileReference; lastKnownFileType = sourcecode.swift; path = StartViewController.swift; sourceTree = "<group>"; };
		97D3D57028B0C94700BECC8B /* Base */ = {isa = PBXFileReference; lastKnownFileType = file.storyboard; name = Base; path = Base.lproj/Main.storyboard; sourceTree = "<group>"; };
		97D3D57228B0C94800BECC8B /* Assets.xcassets */ = {isa = PBXFileReference; lastKnownFileType = folder.assetcatalog; path = Assets.xcassets; sourceTree = "<group>"; };
		97D3D57528B0C94800BECC8B /* Base */ = {isa = PBXFileReference; lastKnownFileType = file.storyboard; name = Base; path = Base.lproj/LaunchScreen.storyboard; sourceTree = "<group>"; };
		97D3D57728B0C94800BECC8B /* Info.plist */ = {isa = PBXFileReference; lastKnownFileType = text.plist.xml; path = Info.plist; sourceTree = "<group>"; };
		97D3D57E28B0C9FC00BECC8B /* BaseViewController.swift */ = {isa = PBXFileReference; lastKnownFileType = sourcecode.swift; path = BaseViewController.swift; sourceTree = "<group>"; };
		97D3D58028B0CA0500BECC8B /* BaseView.swift */ = {isa = PBXFileReference; lastKnownFileType = sourcecode.swift; path = BaseView.swift; sourceTree = "<group>"; };
		97D3D58428B0DF8B00BECC8B /* StartView.swift */ = {isa = PBXFileReference; lastKnownFileType = sourcecode.swift; path = StartView.swift; sourceTree = "<group>"; };
		97D3D58728B0E01700BECC8B /* DiaryModel.swift */ = {isa = PBXFileReference; lastKnownFileType = sourcecode.swift; path = DiaryModel.swift; sourceTree = "<group>"; };
		97D3D58B28B0E43500BECC8B /* WriteViewController.swift */ = {isa = PBXFileReference; lastKnownFileType = sourcecode.swift; path = WriteViewController.swift; sourceTree = "<group>"; };
		97D3D58D28B0E43C00BECC8B /* WriteView.swift */ = {isa = PBXFileReference; lastKnownFileType = sourcecode.swift; path = WriteView.swift; sourceTree = "<group>"; };
		97D3D58F28B0E44900BECC8B /* ImageSelectViewController.swift */ = {isa = PBXFileReference; lastKnownFileType = sourcecode.swift; path = ImageSelectViewController.swift; sourceTree = "<group>"; };
		97D3D59128B0E45000BECC8B /* ImageSelectView.swift */ = {isa = PBXFileReference; lastKnownFileType = sourcecode.swift; path = ImageSelectView.swift; sourceTree = "<group>"; };
		97D3D59328B0EB4C00BECC8B /* CustomTitleTextField.swift */ = {isa = PBXFileReference; lastKnownFileType = sourcecode.swift; path = CustomTitleTextField.swift; sourceTree = "<group>"; };
		97D3D59E28B117CA00BECC8B /* CustomTextView.swift */ = {isa = PBXFileReference; lastKnownFileType = sourcecode.swift; path = CustomTextView.swift; sourceTree = "<group>"; };
		97E9BCBE28B1E8DE00DEC5C0 /* ImageSearchModel.swift */ = {isa = PBXFileReference; lastKnownFileType = sourcecode.swift; path = ImageSearchModel.swift; sourceTree = "<group>"; };
		97E9BCC128B1EF1900DEC5C0 /* ImageAPIManager.swift */ = {isa = PBXFileReference; lastKnownFileType = sourcecode.swift; path = ImageAPIManager.swift; sourceTree = "<group>"; };
		97E9BCCC28B1EFEE00DEC5C0 /* .gitignore */ = {isa = PBXFileReference; lastKnownFileType = text; path = .gitignore; sourceTree = "<group>"; };
		97E9BCD028B1F02F00DEC5C0 /* Key.swift */ = {isa = PBXFileReference; lastKnownFileType = sourcecode.swift; path = Key.swift; sourceTree = "<group>"; };
		97E9BCD328B1F33900DEC5C0 /* EndPoint.swift */ = {isa = PBXFileReference; lastKnownFileType = sourcecode.swift; path = EndPoint.swift; sourceTree = "<group>"; };
		97F803F728B8558D00236071 /* UserDiaryRepository.swift */ = {isa = PBXFileReference; lastKnownFileType = sourcecode.swift; path = UserDiaryRepository.swift; sourceTree = "<group>"; };
		97F803FD28B91E1B00236071 /* UIViewController+Extension.swift */ = {isa = PBXFileReference; lastKnownFileType = sourcecode.swift; path = "UIViewController+Extension.swift"; sourceTree = "<group>"; };
		97F8040328B9459600236071 /* ko */ = {isa = PBXFileReference; lastKnownFileType = text.plist.strings; name = ko; path = ko.lproj/Main.strings; sourceTree = "<group>"; };
		97F8040428B9459600236071 /* ko */ = {isa = PBXFileReference; lastKnownFileType = text.plist.strings; name = ko; path = ko.lproj/LaunchScreen.strings; sourceTree = "<group>"; };
/* End PBXFileReference section */

/* Begin PBXFrameworksBuildPhase section */
		97D3D56328B0C94700BECC8B /* Frameworks */ = {
			isa = PBXFrameworksBuildPhase;
			buildActionMask = 2147483647;
			files = (
				97A1927B28B3163C0053E452 /* Realm in Frameworks */,
				97E9BCC828B1EF3400DEC5C0 /* Alamofire in Frameworks */,
				97A1927D28B3163C0053E452 /* RealmSwift in Frameworks */,
				97E9BCC528B1EF2B00DEC5C0 /* Kingfisher in Frameworks */,
				97F803FB28B8615900236071 /* FSCalendar in Frameworks */,
				97E9BCCB28B1EF3F00DEC5C0 /* SwiftyJSON in Frameworks */,
				97D3D59728B0F99100BECC8B /* SnapKit in Frameworks */,
				977A3FA028B7016300B0E342 /* Zip in Frameworks */,
				9731734628B24A240068561D /* JGProgressHUD in Frameworks */,
			);
			runOnlyForDeploymentPostprocessing = 0;
		};
/* End PBXFrameworksBuildPhase section */

/* Begin PBXGroup section */
		9719A57828B658DE000FBB9D /* Detail */ = {
			isa = PBXGroup;
			children = (
				9719A57928B658EC000FBB9D /* DetailViewController.swift */,
				9719A57B28B658F2000FBB9D /* DetailView.swift */,
			);
			path = Detail;
			sourceTree = "<group>";
		};
		9731733928B227890068561D /* Cell */ = {
			isa = PBXGroup;
			children = (
				9731733A28B227E20068561D /* ImageCollectionViewCell.swift */,
			);
			path = Cell;
			sourceTree = "<group>";
		};
		9731734A28B299330068561D /* Cell */ = {
			isa = PBXGroup;
			children = (
				9731734B28B299470068561D /* StartTableViewCell.swift */,
			);
			path = Cell;
			sourceTree = "<group>";
		};
		973A2CB928B9CE2C00917DC0 /* TabBar */ = {
			isa = PBXGroup;
			children = (
				973A2CBA28B9CE3D00917DC0 /* TabBarController.swift */,
			);
			path = TabBar;
			sourceTree = "<group>";
		};
		973A2CBE28B9D0D800917DC0 /* Scenes */ = {
			isa = PBXGroup;
			children = (
				973A2CBF28B9D67400917DC0 /* Search */,
				9719A57828B658DE000FBB9D /* Detail */,
				97BA743128B625E9008458DF /* Backup */,
				97D3D58A28B0E41100BECC8B /* ImageSelect */,
				97D3D58928B0E3E200BECC8B /* Write */,
				97D3D58328B0DF8000BECC8B /* Diary */,
			);
			path = Scenes;
			sourceTree = "<group>";
		};
		973A2CBF28B9D67400917DC0 /* Search */ = {
			isa = PBXGroup;
			children = (
				973A2CC928BA3BF800917DC0 /* Cell */,
				973A2CC028B9D68200917DC0 /* SearchViewController.swift */,
				973A2CC528B9DE6300917DC0 /* SearchView.swift */,
			);
			path = Search;
			sourceTree = "<group>";
		};
		973A2CC928BA3BF800917DC0 /* Cell */ = {
			isa = PBXGroup;
			children = (
				973A2CC728BA3BF500917DC0 /* SearchTableViewCell.swift */,
			);
			path = Cell;
			sourceTree = "<group>";
		};
		97A1927E28B319CA0053E452 /* Realm */ = {
			isa = PBXGroup;
			children = (
				97A1927F28B319E60053E452 /* RealmModel.swift */,
				97F803F728B8558D00236071 /* UserDiaryRepository.swift */,
			);
			path = Realm;
			sourceTree = "<group>";
		};
		97BA743128B625E9008458DF /* Backup */ = {
			isa = PBXGroup;
			children = (
				97BA743628B639E9008458DF /* Cell */,
				97BA743228B625FF008458DF /* BackupViewController.swift */,
				97BA743428B62608008458DF /* BackupView.swift */,
			);
			path = Backup;
			sourceTree = "<group>";
		};
		97BA743628B639E9008458DF /* Cell */ = {
			isa = PBXGroup;
			children = (
				9719A57428B63C8C000FBB9D /* BackupTableViewCell.swift */,
			);
			path = Cell;
			sourceTree = "<group>";
		};
		97D3D55D28B0C94700BECC8B = {
			isa = PBXGroup;
			children = (
				97E9BCCC28B1EFEE00DEC5C0 /* .gitignore */,
				97D3D56828B0C94700BECC8B /* Sesac_Diary */,
				97D3D56728B0C94700BECC8B /* Products */,
			);
			sourceTree = "<group>";
		};
		97D3D56728B0C94700BECC8B /* Products */ = {
			isa = PBXGroup;
			children = (
				97D3D56628B0C94700BECC8B /* Sesac_Diary.app */,
			);
			name = Products;
			sourceTree = "<group>";
		};
		97D3D56828B0C94700BECC8B /* Sesac_Diary */ = {
			isa = PBXGroup;
			children = (
				97D3D56B28B0C94700BECC8B /* SceneDelegate.swift */,
				97D3D56928B0C94700BECC8B /* AppDelegate.swift */,
				97D3D56F28B0C94700BECC8B /* Main.storyboard */,
				97D3D57228B0C94800BECC8B /* Assets.xcassets */,
				97D3D57428B0C94800BECC8B /* LaunchScreen.storyboard */,
				97D3D57728B0C94800BECC8B /* Info.plist */,
				97D3D58228B0DF7200BECC8B /* Scene */,
				97E9BCC028B1EF0600DEC5C0 /* Manager */,
				97D3D57D28B0C9B000BECC8B /* Utility */,
				97D3D58628B0E00800BECC8B /* Model */,
				97A1927E28B319CA0053E452 /* Realm */,
				97D3D5A028B13D3C00BECC8B /* Extension */,
				97E9BCCF28B1F02300DEC5C0 /* APIKey */,
				97E9BCD228B1F32700DEC5C0 /* EndPoint */,
			);
			path = Sesac_Diary;
			sourceTree = "<group>";
		};
		97D3D57D28B0C9B000BECC8B /* Utility */ = {
			isa = PBXGroup;
			children = (
				97D3D57E28B0C9FC00BECC8B /* BaseViewController.swift */,
				97D3D58028B0CA0500BECC8B /* BaseView.swift */,
				9731733E28B22B430068561D /* BaseCollectionViewCell.swift */,
				9731734F28B29A1E0068561D /* BaseTableViewCell.swift */,
				97D3D59328B0EB4C00BECC8B /* CustomTitleTextField.swift */,
				97D3D59E28B117CA00BECC8B /* CustomTextView.swift */,
			);
			path = Utility;
			sourceTree = "<group>";
		};
		97D3D58228B0DF7200BECC8B /* Scene */ = {
			isa = PBXGroup;
			children = (
				973A2CB928B9CE2C00917DC0 /* TabBar */,
				973A2CBE28B9D0D800917DC0 /* Scenes */,
			);
			path = Scene;
			sourceTree = "<group>";
		};
		97D3D58328B0DF8000BECC8B /* Diary */ = {
			isa = PBXGroup;
			children = (
				97D3D56D28B0C94700BECC8B /* StartViewController.swift */,
				97D3D58428B0DF8B00BECC8B /* StartView.swift */,
				9731734A28B299330068561D /* Cell */,
			);
			path = Diary;
			sourceTree = "<group>";
		};
		97D3D58628B0E00800BECC8B /* Model */ = {
			isa = PBXGroup;
			children = (
				97D3D58728B0E01700BECC8B /* DiaryModel.swift */,
				97E9BCBE28B1E8DE00DEC5C0 /* ImageSearchModel.swift */,
			);
			path = Model;
			sourceTree = "<group>";
		};
		97D3D58928B0E3E200BECC8B /* Write */ = {
			isa = PBXGroup;
			children = (
				97D3D58B28B0E43500BECC8B /* WriteViewController.swift */,
				97D3D58D28B0E43C00BECC8B /* WriteView.swift */,
			);
			path = Write;
			sourceTree = "<group>";
		};
		97D3D58A28B0E41100BECC8B /* ImageSelect */ = {
			isa = PBXGroup;
			children = (
				97D3D58F28B0E44900BECC8B /* ImageSelectViewController.swift */,
				97D3D59128B0E45000BECC8B /* ImageSelectView.swift */,
				9731733928B227890068561D /* Cell */,
			);
			path = ImageSelect;
			sourceTree = "<group>";
		};
		97D3D5A028B13D3C00BECC8B /* Extension */ = {
			isa = PBXGroup;
			children = (
				9731733C28B2281F0068561D /* ImageSelectViewController+Extension.swift */,
				9731734228B239100068561D /* UICollectionViewCell+Extension.swift */,
				9731734828B299000068561D /* StartViewController+Extension.swift */,
				9731734D28B299600068561D /* UITableViewCell+Extension.swift */,
				97BA742628B5A5AB008458DF /* Transition+Extension.swift */,
				97BA742828B5D262008458DF /* FileManager+Extension.swift */,
				9719A57628B6402F000FBB9D /* BackupViewController+Extension.swift */,
				97F803FD28B91E1B00236071 /* UIViewController+Extension.swift */,
				973A2CCA28BA3FC000917DC0 /* SearchViewController+Extension.swift */,
			);
			path = Extension;
			sourceTree = "<group>";
		};
		97E9BCC028B1EF0600DEC5C0 /* Manager */ = {
			isa = PBXGroup;
			children = (
				97E9BCC128B1EF1900DEC5C0 /* ImageAPIManager.swift */,
			);
			path = Manager;
			sourceTree = "<group>";
		};
		97E9BCCF28B1F02300DEC5C0 /* APIKey */ = {
			isa = PBXGroup;
			children = (
				97E9BCD028B1F02F00DEC5C0 /* Key.swift */,
			);
			path = APIKey;
			sourceTree = "<group>";
		};
		97E9BCD228B1F32700DEC5C0 /* EndPoint */ = {
			isa = PBXGroup;
			children = (
				97E9BCD328B1F33900DEC5C0 /* EndPoint.swift */,
			);
			path = EndPoint;
			sourceTree = "<group>";
		};
/* End PBXGroup section */

/* Begin PBXNativeTarget section */
		97D3D56528B0C94700BECC8B /* Sesac_Diary */ = {
			isa = PBXNativeTarget;
			buildConfigurationList = 97D3D57A28B0C94800BECC8B /* Build configuration list for PBXNativeTarget "Sesac_Diary" */;
			buildPhases = (
				97D3D56228B0C94700BECC8B /* Sources */,
				97D3D56328B0C94700BECC8B /* Frameworks */,
				97D3D56428B0C94700BECC8B /* Resources */,
			);
			buildRules = (
			);
			dependencies = (
			);
			name = Sesac_Diary;
			packageProductDependencies = (
				97D3D59628B0F99100BECC8B /* SnapKit */,
				97E9BCC428B1EF2B00DEC5C0 /* Kingfisher */,
				97E9BCC728B1EF3400DEC5C0 /* Alamofire */,
				97E9BCCA28B1EF3F00DEC5C0 /* SwiftyJSON */,
				9731734528B24A240068561D /* JGProgressHUD */,
				97A1927A28B3163C0053E452 /* Realm */,
				97A1927C28B3163C0053E452 /* RealmSwift */,
				977A3F9F28B7016300B0E342 /* Zip */,
				97F803FA28B8615900236071 /* FSCalendar */,
			);
			productName = Sesac_Diary;
			productReference = 97D3D56628B0C94700BECC8B /* Sesac_Diary.app */;
			productType = "com.apple.product-type.application";
		};
/* End PBXNativeTarget section */

/* Begin PBXProject section */
		97D3D55E28B0C94700BECC8B /* Project object */ = {
			isa = PBXProject;
			attributes = {
				BuildIndependentTargetsInParallel = 1;
				LastSwiftUpdateCheck = 1340;
				LastUpgradeCheck = 1340;
				TargetAttributes = {
					97D3D56528B0C94700BECC8B = {
						CreatedOnToolsVersion = 13.4.1;
					};
				};
			};
			buildConfigurationList = 97D3D56128B0C94700BECC8B /* Build configuration list for PBXProject "Sesac_Diary" */;
			compatibilityVersion = "Xcode 13.0";
			developmentRegion = en;
			hasScannedForEncodings = 0;
			knownRegions = (
				en,
				Base,
				ko,
			);
			mainGroup = 97D3D55D28B0C94700BECC8B;
			packageReferences = (
				97D3D59528B0F99100BECC8B /* XCRemoteSwiftPackageReference "SnapKit" */,
				97E9BCC328B1EF2B00DEC5C0 /* XCRemoteSwiftPackageReference "Kingfisher" */,
				97E9BCC628B1EF3400DEC5C0 /* XCRemoteSwiftPackageReference "Alamofire" */,
				97E9BCC928B1EF3F00DEC5C0 /* XCRemoteSwiftPackageReference "SwiftyJSON" */,
				9731734428B24A240068561D /* XCRemoteSwiftPackageReference "JGProgressHUD" */,
				97A1927928B3163C0053E452 /* XCRemoteSwiftPackageReference "realm-swift" */,
				977A3F9E28B7016300B0E342 /* XCRemoteSwiftPackageReference "Zip" */,
				97F803F928B8615900236071 /* XCRemoteSwiftPackageReference "FSCalendar" */,
			);
			productRefGroup = 97D3D56728B0C94700BECC8B /* Products */;
			projectDirPath = "";
			projectRoot = "";
			targets = (
				97D3D56528B0C94700BECC8B /* Sesac_Diary */,
			);
		};
/* End PBXProject section */

/* Begin PBXResourcesBuildPhase section */
		97D3D56428B0C94700BECC8B /* Resources */ = {
			isa = PBXResourcesBuildPhase;
			buildActionMask = 2147483647;
			files = (
				97E9BCCD28B1EFEE00DEC5C0 /* .gitignore in Resources */,
				97D3D57628B0C94800BECC8B /* LaunchScreen.storyboard in Resources */,
				97D3D57328B0C94800BECC8B /* Assets.xcassets in Resources */,
				97D3D57128B0C94700BECC8B /* Main.storyboard in Resources */,
			);
			runOnlyForDeploymentPostprocessing = 0;
		};
/* End PBXResourcesBuildPhase section */

/* Begin PBXSourcesBuildPhase section */
		97D3D56228B0C94700BECC8B /* Sources */ = {
			isa = PBXSourcesBuildPhase;
			buildActionMask = 2147483647;
			files = (
				97F803FE28B91E1B00236071 /* UIViewController+Extension.swift in Sources */,
				9719A57A28B658EC000FBB9D /* DetailViewController.swift in Sources */,
				97D3D56E28B0C94700BECC8B /* StartViewController.swift in Sources */,
				97D3D57F28B0C9FC00BECC8B /* BaseViewController.swift in Sources */,
				9731734328B239100068561D /* UICollectionViewCell+Extension.swift in Sources */,
				9731735028B29A1E0068561D /* BaseTableViewCell.swift in Sources */,
				97BA743528B62608008458DF /* BackupView.swift in Sources */,
				97D3D58E28B0E43C00BECC8B /* WriteView.swift in Sources */,
				97BA742928B5D262008458DF /* FileManager+Extension.swift in Sources */,
				97D3D58128B0CA0500BECC8B /* BaseView.swift in Sources */,
				973A2CCB28BA3FC000917DC0 /* SearchViewController+Extension.swift in Sources */,
				9731734C28B299470068561D /* StartTableViewCell.swift in Sources */,
				97D3D58528B0DF8B00BECC8B /* StartView.swift in Sources */,
				97E9BCD428B1F33900DEC5C0 /* EndPoint.swift in Sources */,
				97F803F828B8558D00236071 /* UserDiaryRepository.swift in Sources */,
				9731733B28B227E20068561D /* ImageCollectionViewCell.swift in Sources */,
				97D3D56A28B0C94700BECC8B /* AppDelegate.swift in Sources */,
				97A1928028B319E60053E452 /* RealmModel.swift in Sources */,
				9719A57528B63C8C000FBB9D /* BackupTableViewCell.swift in Sources */,
				97BA743328B625FF008458DF /* BackupViewController.swift in Sources */,
				97BA742728B5A5AB008458DF /* Transition+Extension.swift in Sources */,
				9731733D28B2281F0068561D /* ImageSelectViewController+Extension.swift in Sources */,
				973A2CC128B9D68200917DC0 /* SearchViewController.swift in Sources */,
				9719A57C28B658F2000FBB9D /* DetailView.swift in Sources */,
				97D3D56C28B0C94700BECC8B /* SceneDelegate.swift in Sources */,
				97D3D58C28B0E43500BECC8B /* WriteViewController.swift in Sources */,
				9731733F28B22B430068561D /* BaseCollectionViewCell.swift in Sources */,
				97D3D59428B0EB4C00BECC8B /* CustomTitleTextField.swift in Sources */,
				97D3D59F28B117CA00BECC8B /* CustomTextView.swift in Sources */,
				97D3D59228B0E45000BECC8B /* ImageSelectView.swift in Sources */,
				973A2CC828BA3BF500917DC0 /* SearchTableViewCell.swift in Sources */,
				97E9BCC228B1EF1900DEC5C0 /* ImageAPIManager.swift in Sources */,
				9731734928B299000068561D /* StartViewController+Extension.swift in Sources */,
				9731734E28B299600068561D /* UITableViewCell+Extension.swift in Sources */,
				97E9BCBF28B1E8DE00DEC5C0 /* ImageSearchModel.swift in Sources */,
				973A2CBB28B9CE3D00917DC0 /* TabBarController.swift in Sources */,
				973A2CC628B9DE6300917DC0 /* SearchView.swift in Sources */,
				9719A57728B6402F000FBB9D /* BackupViewController+Extension.swift in Sources */,
				97E9BCD128B1F02F00DEC5C0 /* Key.swift in Sources */,
				97D3D59028B0E44900BECC8B /* ImageSelectViewController.swift in Sources */,
				97D3D58828B0E01700BECC8B /* DiaryModel.swift in Sources */,
			);
			runOnlyForDeploymentPostprocessing = 0;
		};
/* End PBXSourcesBuildPhase section */

/* Begin PBXVariantGroup section */
		97D3D56F28B0C94700BECC8B /* Main.storyboard */ = {
			isa = PBXVariantGroup;
			children = (
				97D3D57028B0C94700BECC8B /* Base */,
				97F8040328B9459600236071 /* ko */,
			);
			name = Main.storyboard;
			sourceTree = "<group>";
		};
		97D3D57428B0C94800BECC8B /* LaunchScreen.storyboard */ = {
			isa = PBXVariantGroup;
			children = (
				97D3D57528B0C94800BECC8B /* Base */,
				97F8040428B9459600236071 /* ko */,
			);
			name = LaunchScreen.storyboard;
			sourceTree = "<group>";
		};
/* End PBXVariantGroup section */

/* Begin XCBuildConfiguration section */
		97D3D57828B0C94800BECC8B /* Debug */ = {
			isa = XCBuildConfiguration;
			buildSettings = {
				ALWAYS_SEARCH_USER_PATHS = NO;
				CLANG_ANALYZER_LOCALIZABILITY_NONLOCALIZED = YES;
				CLANG_ANALYZER_NONNULL = YES;
				CLANG_ANALYZER_NUMBER_OBJECT_CONVERSION = YES_AGGRESSIVE;
				CLANG_CXX_LANGUAGE_STANDARD = "gnu++17";
				CLANG_ENABLE_MODULES = YES;
				CLANG_ENABLE_OBJC_ARC = YES;
				CLANG_ENABLE_OBJC_WEAK = YES;
				CLANG_WARN_BLOCK_CAPTURE_AUTORELEASING = YES;
				CLANG_WARN_BOOL_CONVERSION = YES;
				CLANG_WARN_COMMA = YES;
				CLANG_WARN_CONSTANT_CONVERSION = YES;
				CLANG_WARN_DEPRECATED_OBJC_IMPLEMENTATIONS = YES;
				CLANG_WARN_DIRECT_OBJC_ISA_USAGE = YES_ERROR;
				CLANG_WARN_DOCUMENTATION_COMMENTS = YES;
				CLANG_WARN_EMPTY_BODY = YES;
				CLANG_WARN_ENUM_CONVERSION = YES;
				CLANG_WARN_INFINITE_RECURSION = YES;
				CLANG_WARN_INT_CONVERSION = YES;
				CLANG_WARN_NON_LITERAL_NULL_CONVERSION = YES;
				CLANG_WARN_OBJC_IMPLICIT_RETAIN_SELF = YES;
				CLANG_WARN_OBJC_LITERAL_CONVERSION = YES;
				CLANG_WARN_OBJC_ROOT_CLASS = YES_ERROR;
				CLANG_WARN_QUOTED_INCLUDE_IN_FRAMEWORK_HEADER = YES;
				CLANG_WARN_RANGE_LOOP_ANALYSIS = YES;
				CLANG_WARN_STRICT_PROTOTYPES = YES;
				CLANG_WARN_SUSPICIOUS_MOVE = YES;
				CLANG_WARN_UNGUARDED_AVAILABILITY = YES_AGGRESSIVE;
				CLANG_WARN_UNREACHABLE_CODE = YES;
				CLANG_WARN__DUPLICATE_METHOD_MATCH = YES;
				COPY_PHASE_STRIP = NO;
				DEBUG_INFORMATION_FORMAT = dwarf;
				ENABLE_STRICT_OBJC_MSGSEND = YES;
				ENABLE_TESTABILITY = YES;
				GCC_C_LANGUAGE_STANDARD = gnu11;
				GCC_DYNAMIC_NO_PIC = NO;
				GCC_NO_COMMON_BLOCKS = YES;
				GCC_OPTIMIZATION_LEVEL = 0;
				GCC_PREPROCESSOR_DEFINITIONS = (
					"DEBUG=1",
					"$(inherited)",
				);
				GCC_WARN_64_TO_32_BIT_CONVERSION = YES;
				GCC_WARN_ABOUT_RETURN_TYPE = YES_ERROR;
				GCC_WARN_UNDECLARED_SELECTOR = YES;
				GCC_WARN_UNINITIALIZED_AUTOS = YES_AGGRESSIVE;
				GCC_WARN_UNUSED_FUNCTION = YES;
				GCC_WARN_UNUSED_VARIABLE = YES;
				IPHONEOS_DEPLOYMENT_TARGET = 15.5;
				MTL_ENABLE_DEBUG_INFO = INCLUDE_SOURCE;
				MTL_FAST_MATH = YES;
				ONLY_ACTIVE_ARCH = YES;
				SDKROOT = iphoneos;
				SWIFT_ACTIVE_COMPILATION_CONDITIONS = DEBUG;
				SWIFT_OPTIMIZATION_LEVEL = "-Onone";
			};
			name = Debug;
		};
		97D3D57928B0C94800BECC8B /* Release */ = {
			isa = XCBuildConfiguration;
			buildSettings = {
				ALWAYS_SEARCH_USER_PATHS = NO;
				CLANG_ANALYZER_LOCALIZABILITY_NONLOCALIZED = YES;
				CLANG_ANALYZER_NONNULL = YES;
				CLANG_ANALYZER_NUMBER_OBJECT_CONVERSION = YES_AGGRESSIVE;
				CLANG_CXX_LANGUAGE_STANDARD = "gnu++17";
				CLANG_ENABLE_MODULES = YES;
				CLANG_ENABLE_OBJC_ARC = YES;
				CLANG_ENABLE_OBJC_WEAK = YES;
				CLANG_WARN_BLOCK_CAPTURE_AUTORELEASING = YES;
				CLANG_WARN_BOOL_CONVERSION = YES;
				CLANG_WARN_COMMA = YES;
				CLANG_WARN_CONSTANT_CONVERSION = YES;
				CLANG_WARN_DEPRECATED_OBJC_IMPLEMENTATIONS = YES;
				CLANG_WARN_DIRECT_OBJC_ISA_USAGE = YES_ERROR;
				CLANG_WARN_DOCUMENTATION_COMMENTS = YES;
				CLANG_WARN_EMPTY_BODY = YES;
				CLANG_WARN_ENUM_CONVERSION = YES;
				CLANG_WARN_INFINITE_RECURSION = YES;
				CLANG_WARN_INT_CONVERSION = YES;
				CLANG_WARN_NON_LITERAL_NULL_CONVERSION = YES;
				CLANG_WARN_OBJC_IMPLICIT_RETAIN_SELF = YES;
				CLANG_WARN_OBJC_LITERAL_CONVERSION = YES;
				CLANG_WARN_OBJC_ROOT_CLASS = YES_ERROR;
				CLANG_WARN_QUOTED_INCLUDE_IN_FRAMEWORK_HEADER = YES;
				CLANG_WARN_RANGE_LOOP_ANALYSIS = YES;
				CLANG_WARN_STRICT_PROTOTYPES = YES;
				CLANG_WARN_SUSPICIOUS_MOVE = YES;
				CLANG_WARN_UNGUARDED_AVAILABILITY = YES_AGGRESSIVE;
				CLANG_WARN_UNREACHABLE_CODE = YES;
				CLANG_WARN__DUPLICATE_METHOD_MATCH = YES;
				COPY_PHASE_STRIP = NO;
				DEBUG_INFORMATION_FORMAT = "dwarf-with-dsym";
				ENABLE_NS_ASSERTIONS = NO;
				ENABLE_STRICT_OBJC_MSGSEND = YES;
				GCC_C_LANGUAGE_STANDARD = gnu11;
				GCC_NO_COMMON_BLOCKS = YES;
				GCC_WARN_64_TO_32_BIT_CONVERSION = YES;
				GCC_WARN_ABOUT_RETURN_TYPE = YES_ERROR;
				GCC_WARN_UNDECLARED_SELECTOR = YES;
				GCC_WARN_UNINITIALIZED_AUTOS = YES_AGGRESSIVE;
				GCC_WARN_UNUSED_FUNCTION = YES;
				GCC_WARN_UNUSED_VARIABLE = YES;
				IPHONEOS_DEPLOYMENT_TARGET = 15.5;
				MTL_ENABLE_DEBUG_INFO = NO;
				MTL_FAST_MATH = YES;
				SDKROOT = iphoneos;
				SWIFT_COMPILATION_MODE = wholemodule;
				SWIFT_OPTIMIZATION_LEVEL = "-O";
				VALIDATE_PRODUCT = YES;
			};
			name = Release;
		};
		97D3D57B28B0C94800BECC8B /* Debug */ = {
			isa = XCBuildConfiguration;
			buildSettings = {
				ASSETCATALOG_COMPILER_APPICON_NAME = AppIcon;
				ASSETCATALOG_COMPILER_GLOBAL_ACCENT_COLOR_NAME = AccentColor;
				CODE_SIGN_STYLE = Automatic;
				CURRENT_PROJECT_VERSION = 1;
				DEVELOPMENT_TEAM = 3C6U386B4C;
				GENERATE_INFOPLIST_FILE = YES;
				INFOPLIST_FILE = Sesac_Diary/Info.plist;
				INFOPLIST_KEY_UIApplicationSupportsIndirectInputEvents = YES;
				INFOPLIST_KEY_UILaunchStoryboardName = LaunchScreen;
				INFOPLIST_KEY_UIMainStoryboardFile = Main;
				INFOPLIST_KEY_UISupportedInterfaceOrientations_iPad = "UIInterfaceOrientationPortrait UIInterfaceOrientationPortraitUpsideDown UIInterfaceOrientationLandscapeLeft UIInterfaceOrientationLandscapeRight";
				INFOPLIST_KEY_UISupportedInterfaceOrientations_iPhone = "UIInterfaceOrientationPortrait UIInterfaceOrientationLandscapeLeft UIInterfaceOrientationLandscapeRight";
				LD_RUNPATH_SEARCH_PATHS = (
					"$(inherited)",
					"@executable_path/Frameworks",
				);
				MARKETING_VERSION = 1.0;
				PRODUCT_BUNDLE_IDENTIFIER = "com.hee.Sesac-Diary";
				PRODUCT_NAME = "$(TARGET_NAME)";
				SWIFT_EMIT_LOC_STRINGS = YES;
				SWIFT_VERSION = 5.0;
				TARGETED_DEVICE_FAMILY = "1,2";
			};
			name = Debug;
		};
		97D3D57C28B0C94800BECC8B /* Release */ = {
			isa = XCBuildConfiguration;
			buildSettings = {
				ASSETCATALOG_COMPILER_APPICON_NAME = AppIcon;
				ASSETCATALOG_COMPILER_GLOBAL_ACCENT_COLOR_NAME = AccentColor;
				CODE_SIGN_STYLE = Automatic;
				CURRENT_PROJECT_VERSION = 1;
				DEVELOPMENT_TEAM = 3C6U386B4C;
				GENERATE_INFOPLIST_FILE = YES;
				INFOPLIST_FILE = Sesac_Diary/Info.plist;
				INFOPLIST_KEY_UIApplicationSupportsIndirectInputEvents = YES;
				INFOPLIST_KEY_UILaunchStoryboardName = LaunchScreen;
				INFOPLIST_KEY_UIMainStoryboardFile = Main;
				INFOPLIST_KEY_UISupportedInterfaceOrientations_iPad = "UIInterfaceOrientationPortrait UIInterfaceOrientationPortraitUpsideDown UIInterfaceOrientationLandscapeLeft UIInterfaceOrientationLandscapeRight";
				INFOPLIST_KEY_UISupportedInterfaceOrientations_iPhone = "UIInterfaceOrientationPortrait UIInterfaceOrientationLandscapeLeft UIInterfaceOrientationLandscapeRight";
				LD_RUNPATH_SEARCH_PATHS = (
					"$(inherited)",
					"@executable_path/Frameworks",
				);
				MARKETING_VERSION = 1.0;
				PRODUCT_BUNDLE_IDENTIFIER = "com.hee.Sesac-Diary";
				PRODUCT_NAME = "$(TARGET_NAME)";
				SWIFT_EMIT_LOC_STRINGS = YES;
				SWIFT_VERSION = 5.0;
				TARGETED_DEVICE_FAMILY = "1,2";
			};
			name = Release;
		};
/* End XCBuildConfiguration section */

/* Begin XCConfigurationList section */
		97D3D56128B0C94700BECC8B /* Build configuration list for PBXProject "Sesac_Diary" */ = {
			isa = XCConfigurationList;
			buildConfigurations = (
				97D3D57828B0C94800BECC8B /* Debug */,
				97D3D57928B0C94800BECC8B /* Release */,
			);
			defaultConfigurationIsVisible = 0;
			defaultConfigurationName = Release;
		};
		97D3D57A28B0C94800BECC8B /* Build configuration list for PBXNativeTarget "Sesac_Diary" */ = {
			isa = XCConfigurationList;
			buildConfigurations = (
				97D3D57B28B0C94800BECC8B /* Debug */,
				97D3D57C28B0C94800BECC8B /* Release */,
			);
			defaultConfigurationIsVisible = 0;
			defaultConfigurationName = Release;
		};
/* End XCConfigurationList section */

/* Begin XCRemoteSwiftPackageReference section */
		9731734428B24A240068561D /* XCRemoteSwiftPackageReference "JGProgressHUD" */ = {
			isa = XCRemoteSwiftPackageReference;
			repositoryURL = "https://github.com/JonasGessner/JGProgressHUD.git";
			requirement = {
				kind = upToNextMajorVersion;
				minimumVersion = 2.0.0;
			};
		};
		977A3F9E28B7016300B0E342 /* XCRemoteSwiftPackageReference "Zip" */ = {
			isa = XCRemoteSwiftPackageReference;
			repositoryURL = "https://github.com/marmelroy/Zip.git";
			requirement = {
				kind = upToNextMajorVersion;
				minimumVersion = 2.0.0;
			};
		};
		97A1927928B3163C0053E452 /* XCRemoteSwiftPackageReference "realm-swift" */ = {
			isa = XCRemoteSwiftPackageReference;
			repositoryURL = "https://github.com/realm/realm-swift.git";
			requirement = {
				kind = upToNextMajorVersion;
				minimumVersion = 10.0.0;
			};
		};
		97D3D59528B0F99100BECC8B /* XCRemoteSwiftPackageReference "SnapKit" */ = {
			isa = XCRemoteSwiftPackageReference;
			repositoryURL = "https://github.com/SnapKit/SnapKit.git";
			requirement = {
				kind = upToNextMajorVersion;
				minimumVersion = 5.0.0;
			};
		};
		97E9BCC328B1EF2B00DEC5C0 /* XCRemoteSwiftPackageReference "Kingfisher" */ = {
			isa = XCRemoteSwiftPackageReference;
			repositoryURL = "https://github.com/onevcat/Kingfisher.git";
			requirement = {
				kind = upToNextMajorVersion;
				minimumVersion = 7.0.0;
			};
		};
		97E9BCC628B1EF3400DEC5C0 /* XCRemoteSwiftPackageReference "Alamofire" */ = {
			isa = XCRemoteSwiftPackageReference;
			repositoryURL = "https://github.com/Alamofire/Alamofire.git";
			requirement = {
				kind = upToNextMajorVersion;
				minimumVersion = 5.0.0;
			};
		};
		97E9BCC928B1EF3F00DEC5C0 /* XCRemoteSwiftPackageReference "SwiftyJSON" */ = {
			isa = XCRemoteSwiftPackageReference;
			repositoryURL = "https://github.com/SwiftyJSON/SwiftyJSON.git";
			requirement = {
				kind = upToNextMajorVersion;
				minimumVersion = 5.0.0;
			};
		};
		97F803F928B8615900236071 /* XCRemoteSwiftPackageReference "FSCalendar" */ = {
			isa = XCRemoteSwiftPackageReference;
			repositoryURL = "https://github.com/WenchaoD/FSCalendar.git";
			requirement = {
				kind = upToNextMajorVersion;
				minimumVersion = 2.0.0;
			};
		};
/* End XCRemoteSwiftPackageReference section */

/* Begin XCSwiftPackageProductDependency section */
		9731734528B24A240068561D /* JGProgressHUD */ = {
			isa = XCSwiftPackageProductDependency;
			package = 9731734428B24A240068561D /* XCRemoteSwiftPackageReference "JGProgressHUD" */;
			productName = JGProgressHUD;
		};
		977A3F9F28B7016300B0E342 /* Zip */ = {
			isa = XCSwiftPackageProductDependency;
			package = 977A3F9E28B7016300B0E342 /* XCRemoteSwiftPackageReference "Zip" */;
			productName = Zip;
		};
		97A1927A28B3163C0053E452 /* Realm */ = {
			isa = XCSwiftPackageProductDependency;
			package = 97A1927928B3163C0053E452 /* XCRemoteSwiftPackageReference "realm-swift" */;
			productName = Realm;
		};
		97A1927C28B3163C0053E452 /* RealmSwift */ = {
			isa = XCSwiftPackageProductDependency;
			package = 97A1927928B3163C0053E452 /* XCRemoteSwiftPackageReference "realm-swift" */;
			productName = RealmSwift;
		};
		97D3D59628B0F99100BECC8B /* SnapKit */ = {
			isa = XCSwiftPackageProductDependency;
			package = 97D3D59528B0F99100BECC8B /* XCRemoteSwiftPackageReference "SnapKit" */;
			productName = SnapKit;
		};
		97E9BCC428B1EF2B00DEC5C0 /* Kingfisher */ = {
			isa = XCSwiftPackageProductDependency;
			package = 97E9BCC328B1EF2B00DEC5C0 /* XCRemoteSwiftPackageReference "Kingfisher" */;
			productName = Kingfisher;
		};
		97E9BCC728B1EF3400DEC5C0 /* Alamofire */ = {
			isa = XCSwiftPackageProductDependency;
			package = 97E9BCC628B1EF3400DEC5C0 /* XCRemoteSwiftPackageReference "Alamofire" */;
			productName = Alamofire;
		};
		97E9BCCA28B1EF3F00DEC5C0 /* SwiftyJSON */ = {
			isa = XCSwiftPackageProductDependency;
			package = 97E9BCC928B1EF3F00DEC5C0 /* XCRemoteSwiftPackageReference "SwiftyJSON" */;
			productName = SwiftyJSON;
		};
		97F803FA28B8615900236071 /* FSCalendar */ = {
			isa = XCSwiftPackageProductDependency;
			package = 97F803F928B8615900236071 /* XCRemoteSwiftPackageReference "FSCalendar" */;
			productName = FSCalendar;
		};
/* End XCSwiftPackageProductDependency section */
	};
	rootObject = 97D3D55E28B0C94700BECC8B /* Project object */;
}
