// !$*UTF8*$!
{
	archiveVersion = 1;
	classes = {
	};
	objectVersion = 55;
	objects = {

/* Begin PBXBuildFile section */
		97D3D56A28B0C94700BECC8B /* AppDelegate.swift in Sources */ = {isa = PBXBuildFile; fileRef = 97D3D56928B0C94700BECC8B /* AppDelegate.swift */; };
		97D3D56C28B0C94700BECC8B /* SceneDelegate.swift in Sources */ = {isa = PBXBuildFile; fileRef = 97D3D56B28B0C94700BECC8B /* SceneDelegate.swift */; };
		97D3D56E28B0C94700BECC8B /* StartViewController.swift in Sources */ = {isa = PBXBuildFile; fileRef = 97D3D56D28B0C94700BECC8B /* StartViewController.swift */; };
		97D3D57128B0C94700BECC8B /* Main.storyboard in Resources */ = {isa = PBXBuildFile; fileRef = 97D3D56F28B0C94700BECC8B /* Main.storyboard */; };
		97D3D57328B0C94800BECC8B /* Assets.xcassets in Resources */ = {isa = PBXBuildFile; fileRef = 97D3D57228B0C94800BECC8B /* Assets.xcassets */; };
		97D3D57628B0C94800BECC8B /* LaunchScreen.storyboard in Resources */ = {isa = PBXBuildFile; fileRef = 97D3D57428B0C94800BECC8B /* LaunchScreen.storyboard */; };
		97D3D57F28B0C9FC00BECC8B /* BaseViewController.swift in Sources */ = {isa = PBXBuildFile; fileRef = 97D3D57E28B0C9FC00BECC8B /* BaseViewController.swift */; };
		97D3D58128B0CA0500BECC8B /* BaseView.swift in Sources */ = {isa = PBXBuildFile; fileRef = 97D3D58028B0CA0500BECC8B /* BaseView.swift */; };
		97D3D58528B0DF8B00BECC8B /* StartView.swift in Sources */ = {isa = PBXBuildFile; fileRef = 97D3D58428B0DF8B00BECC8B /* StartView.swift */; };
		97D3D58828B0E01700BECC8B /* DiaryModel.swift in Sources */ = {isa = PBXBuildFile; fileRef = 97D3D58728B0E01700BECC8B /* DiaryModel.swift */; };
		97D3D58C28B0E43500BECC8B /* WriteViewController.swift in Sources */ = {isa = PBXBuildFile; fileRef = 97D3D58B28B0E43500BECC8B /* WriteViewController.swift */; };
		97D3D58E28B0E43C00BECC8B /* WriteView.swift in Sources */ = {isa = PBXBuildFile; fileRef = 97D3D58D28B0E43C00BECC8B /* WriteView.swift */; };
		97D3D59028B0E44900BECC8B /* ImageSelectViewController.swift in Sources */ = {isa = PBXBuildFile; fileRef = 97D3D58F28B0E44900BECC8B /* ImageSelectViewController.swift */; };
		97D3D59228B0E45000BECC8B /* ImageSelectView.swift in Sources */ = {isa = PBXBuildFile; fileRef = 97D3D59128B0E45000BECC8B /* ImageSelectView.swift */; };
		97D3D59428B0EB4C00BECC8B /* CustomTitleTextField.swift in Sources */ = {isa = PBXBuildFile; fileRef = 97D3D59328B0EB4C00BECC8B /* CustomTitleTextField.swift */; };
		97D3D59728B0F99100BECC8B /* SnapKit in Frameworks */ = {isa = PBXBuildFile; productRef = 97D3D59628B0F99100BECC8B /* SnapKit */; };
		97D3D59F28B117CA00BECC8B /* CustomTextView.swift in Sources */ = {isa = PBXBuildFile; fileRef = 97D3D59E28B117CA00BECC8B /* CustomTextView.swift */; };
		97E9BCBF28B1E8DE00DEC5C0 /* ImageSearchModel.swift in Sources */ = {isa = PBXBuildFile; fileRef = 97E9BCBE28B1E8DE00DEC5C0 /* ImageSearchModel.swift */; };
		97E9BCC228B1EF1900DEC5C0 /* ImageAPIManager.swift in Sources */ = {isa = PBXBuildFile; fileRef = 97E9BCC128B1EF1900DEC5C0 /* ImageAPIManager.swift */; };
		97E9BCC528B1EF2B00DEC5C0 /* Kingfisher in Frameworks */ = {isa = PBXBuildFile; productRef = 97E9BCC428B1EF2B00DEC5C0 /* Kingfisher */; };
		97E9BCC828B1EF3400DEC5C0 /* Alamofire in Frameworks */ = {isa = PBXBuildFile; productRef = 97E9BCC728B1EF3400DEC5C0 /* Alamofire */; };
		97E9BCCB28B1EF3F00DEC5C0 /* SwiftyJSON in Frameworks */ = {isa = PBXBuildFile; productRef = 97E9BCCA28B1EF3F00DEC5C0 /* SwiftyJSON */; };
		97E9BCCD28B1EFEE00DEC5C0 /* .gitignore in Resources */ = {isa = PBXBuildFile; fileRef = 97E9BCCC28B1EFEE00DEC5C0 /* .gitignore */; };
		97E9BCD128B1F02F00DEC5C0 /* Key.swift in Sources */ = {isa = PBXBuildFile; fileRef = 97E9BCD028B1F02F00DEC5C0 /* Key.swift */; };
		97E9BCD428B1F33900DEC5C0 /* EndPoint.swift in Sources */ = {isa = PBXBuildFile; fileRef = 97E9BCD328B1F33900DEC5C0 /* EndPoint.swift */; };
/* End PBXBuildFile section */

/* Begin PBXFileReference section */
		97D3D56628B0C94700BECC8B /* Sesac_Diary.app */ = {isa = PBXFileReference; explicitFileType = wrapper.application; includeInIndex = 0; path = Sesac_Diary.app; sourceTree = BUILT_PRODUCTS_DIR; };
		97D3D56928B0C94700BECC8B /* AppDelegate.swift */ = {isa = PBXFileReference; lastKnownFileType = sourcecode.swift; path = AppDelegate.swift; sourceTree = "<group>"; };
		97D3D56B28B0C94700BECC8B /* SceneDelegate.swift */ = {isa = PBXFileReference; lastKnownFileType = sourcecode.swift; path = SceneDelegate.swift; sourceTree = "<group>"; };
		97D3D56D28B0C94700BECC8B /* StartViewController.swift */ = {isa = PBXFileReference; lastKnownFileType = sourcecode.swift; path = StartViewController.swift; sourceTree = "<group>"; };
		97D3D57028B0C94700BECC8B /* Base */ = {isa = PBXFileReference; lastKnownFileType = file.storyboard; name = Base; path = Base.lproj/Main.storyboard; sourceTree = "<group>"; };
		97D3D57228B0C94800BECC8B /* Assets.xcassets */ = {isa = PBXFileReference; lastKnownFileType = folder.assetcatalog; path = Assets.xcassets; sourceTree = "<group>"; };
		97D3D57528B0C94800BECC8B /* Base */ = {isa = PBXFileReference; lastKnownFileType = file.storyboard; name = Base; path = Base.lproj/LaunchScreen.storyboard; sourceTree = "<group>"; };
		97D3D57728B0C94800BECC8B /* Info.plist */ = {isa = PBXFileReference; lastKnownFileType = text.plist.xml; path = Info.plist; sourceTree = "<group>"; };
		97D3D57E28B0C9FC00BECC8B /* BaseViewController.swift */ = {isa = PBXFileReference; lastKnownFileType = sourcecode.swift; path = BaseViewController.swift; sourceTree = "<group>"; };
		97D3D58028B0CA0500BECC8B /* BaseView.swift */ = {isa = PBXFileReference; lastKnownFileType = sourcecode.swift; path = BaseView.swift; sourceTree = "<group>"; };
		97D3D58428B0DF8B00BECC8B /* StartView.swift */ = {isa = PBXFileReference; lastKnownFileType = sourcecode.swift; path = StartView.swift; sourceTree = "<group>"; };
		97D3D58728B0E01700BECC8B /* DiaryModel.swift */ = {isa = PBXFileReference; lastKnownFileType = sourcecode.swift; path = DiaryModel.swift; sourceTree = "<group>"; };
		97D3D58B28B0E43500BECC8B /* WriteViewController.swift */ = {isa = PBXFileReference; lastKnownFileType = sourcecode.swift; path = WriteViewController.swift; sourceTree = "<group>"; };
		97D3D58D28B0E43C00BECC8B /* WriteView.swift */ = {isa = PBXFileReference; lastKnownFileType = sourcecode.swift; path = WriteView.swift; sourceTree = "<group>"; };
		97D3D58F28B0E44900BECC8B /* ImageSelectViewController.swift */ = {isa = PBXFileReference; lastKnownFileType = sourcecode.swift; path = ImageSelectViewController.swift; sourceTree = "<group>"; };
		97D3D59128B0E45000BECC8B /* ImageSelectView.swift */ = {isa = PBXFileReference; lastKnownFileType = sourcecode.swift; path = ImageSelectView.swift; sourceTree = "<group>"; };
		97D3D59328B0EB4C00BECC8B /* CustomTitleTextField.swift */ = {isa = PBXFileReference; lastKnownFileType = sourcecode.swift; path = CustomTitleTextField.swift; sourceTree = "<group>"; };
		97D3D59E28B117CA00BECC8B /* CustomTextView.swift */ = {isa = PBXFileReference; lastKnownFileType = sourcecode.swift; path = CustomTextView.swift; sourceTree = "<group>"; };
		97E9BCBE28B1E8DE00DEC5C0 /* ImageSearchModel.swift */ = {isa = PBXFileReference; lastKnownFileType = sourcecode.swift; path = ImageSearchModel.swift; sourceTree = "<group>"; };
		97E9BCC128B1EF1900DEC5C0 /* ImageAPIManager.swift */ = {isa = PBXFileReference; lastKnownFileType = sourcecode.swift; path = ImageAPIManager.swift; sourceTree = "<group>"; };
		97E9BCCC28B1EFEE00DEC5C0 /* .gitignore */ = {isa = PBXFileReference; lastKnownFileType = text; path = .gitignore; sourceTree = "<group>"; };
		97E9BCD028B1F02F00DEC5C0 /* Key.swift */ = {isa = PBXFileReference; lastKnownFileType = sourcecode.swift; path = Key.swift; sourceTree = "<group>"; };
		97E9BCD328B1F33900DEC5C0 /* EndPoint.swift */ = {isa = PBXFileReference; lastKnownFileType = sourcecode.swift; path = EndPoint.swift; sourceTree = "<group>"; };
/* End PBXFileReference section */

/* Begin PBXFrameworksBuildPhase section */
		97D3D56328B0C94700BECC8B /* Frameworks */ = {
			isa = PBXFrameworksBuildPhase;
			buildActionMask = 2147483647;
			files = (
				97E9BCC828B1EF3400DEC5C0 /* Alamofire in Frameworks */,
				97E9BCC528B1EF2B00DEC5C0 /* Kingfisher in Frameworks */,
				97E9BCCB28B1EF3F00DEC5C0 /* SwiftyJSON in Frameworks */,
				97D3D59728B0F99100BECC8B /* SnapKit in Frameworks */,
			);
			runOnlyForDeploymentPostprocessing = 0;
		};
/* End PBXFrameworksBuildPhase section */

/* Begin PBXGroup section */
		97D3D55D28B0C94700BECC8B = {
			isa = PBXGroup;
			children = (
				97E9BCCC28B1EFEE00DEC5C0 /* .gitignore */,
				97D3D56828B0C94700BECC8B /* Sesac_Diary */,
				97D3D56728B0C94700BECC8B /* Products */,
			);
			sourceTree = "<group>";
		};
		97D3D56728B0C94700BECC8B /* Products */ = {
			isa = PBXGroup;
			children = (
				97D3D56628B0C94700BECC8B /* Sesac_Diary.app */,
			);
			name = Products;
			sourceTree = "<group>";
		};
		97D3D56828B0C94700BECC8B /* Sesac_Diary */ = {
			isa = PBXGroup;
			children = (
				97D3D56B28B0C94700BECC8B /* SceneDelegate.swift */,
				97D3D56928B0C94700BECC8B /* AppDelegate.swift */,
				97D3D56F28B0C94700BECC8B /* Main.storyboard */,
				97D3D57228B0C94800BECC8B /* Assets.xcassets */,
				97D3D57428B0C94800BECC8B /* LaunchScreen.storyboard */,
				97D3D57728B0C94800BECC8B /* Info.plist */,
				97D3D58228B0DF7200BECC8B /* Scene */,
				97E9BCC028B1EF0600DEC5C0 /* Manager */,
				97D3D57D28B0C9B000BECC8B /* Utility */,
				97D3D58628B0E00800BECC8B /* Model */,
				97D3D5A028B13D3C00BECC8B /* Extension */,
				97E9BCCF28B1F02300DEC5C0 /* APIKey */,
				97E9BCD228B1F32700DEC5C0 /* EndPoint */,
			);
			path = Sesac_Diary;
			sourceTree = "<group>";
		};
		97D3D57D28B0C9B000BECC8B /* Utility */ = {
			isa = PBXGroup;
			children = (
				97D3D57E28B0C9FC00BECC8B /* BaseViewController.swift */,
				97D3D58028B0CA0500BECC8B /* BaseView.swift */,
				97D3D59328B0EB4C00BECC8B /* CustomTitleTextField.swift */,
				97D3D59E28B117CA00BECC8B /* CustomTextView.swift */,
			);
			path = Utility;
			sourceTree = "<group>";
		};
		97D3D58228B0DF7200BECC8B /* Scene */ = {
			isa = PBXGroup;
			children = (
				97D3D58A28B0E41100BECC8B /* ImageSelect */,
				97D3D58928B0E3E200BECC8B /* Write */,
				97D3D58328B0DF8000BECC8B /* Start */,
			);
			path = Scene;
			sourceTree = "<group>";
		};
		97D3D58328B0DF8000BECC8B /* Start */ = {
			isa = PBXGroup;
			children = (
				97D3D56D28B0C94700BECC8B /* StartViewController.swift */,
				97D3D58428B0DF8B00BECC8B /* StartView.swift */,
			);
			path = Start;
			sourceTree = "<group>";
		};
		97D3D58628B0E00800BECC8B /* Model */ = {
			isa = PBXGroup;
			children = (
				97D3D58728B0E01700BECC8B /* DiaryModel.swift */,
				97E9BCBE28B1E8DE00DEC5C0 /* ImageSearchModel.swift */,
			);
			path = Model;
			sourceTree = "<group>";
		};
		97D3D58928B0E3E200BECC8B /* Write */ = {
			isa = PBXGroup;
			children = (
				97D3D58B28B0E43500BECC8B /* WriteViewController.swift */,
				97D3D58D28B0E43C00BECC8B /* WriteView.swift */,
			);
			path = Write;
			sourceTree = "<group>";
		};
		97D3D58A28B0E41100BECC8B /* ImageSelect */ = {
			isa = PBXGroup;
			children = (
				97D3D58F28B0E44900BECC8B /* ImageSelectViewController.swift */,
				97D3D59128B0E45000BECC8B /* ImageSelectView.swift */,
			);
			path = ImageSelect;
			sourceTree = "<group>";
		};
		97D3D5A028B13D3C00BECC8B /* Extension */ = {
			isa = PBXGroup;
			children = (
			);
			path = Extension;
			sourceTree = "<group>";
		};
		97E9BCC028B1EF0600DEC5C0 /* Manager */ = {
			isa = PBXGroup;
			children = (
				97E9BCC128B1EF1900DEC5C0 /* ImageAPIManager.swift */,
			);
			path = Manager;
			sourceTree = "<group>";
		};
		97E9BCCF28B1F02300DEC5C0 /* APIKey */ = {
			isa = PBXGroup;
			children = (
				97E9BCD028B1F02F00DEC5C0 /* Key.swift */,
			);
			path = APIKey;
			sourceTree = "<group>";
		};
		97E9BCD228B1F32700DEC5C0 /* EndPoint */ = {
			isa = PBXGroup;
			children = (
				97E9BCD328B1F33900DEC5C0 /* EndPoint.swift */,
			);
			path = EndPoint;
			sourceTree = "<group>";
		};
/* End PBXGroup section */

/* Begin PBXNativeTarget section */
		97D3D56528B0C94700BECC8B /* Sesac_Diary */ = {
			isa = PBXNativeTarget;
			buildConfigurationList = 97D3D57A28B0C94800BECC8B /* Build configuration list for PBXNativeTarget "Sesac_Diary" */;
			buildPhases = (
				97D3D56228B0C94700BECC8B /* Sources */,
				97D3D56328B0C94700BECC8B /* Frameworks */,
				97D3D56428B0C94700BECC8B /* Resources */,
			);
			buildRules = (
			);
			dependencies = (
			);
			name = Sesac_Diary;
			packageProductDependencies = (
				97D3D59628B0F99100BECC8B /* SnapKit */,
				97E9BCC428B1EF2B00DEC5C0 /* Kingfisher */,
				97E9BCC728B1EF3400DEC5C0 /* Alamofire */,
				97E9BCCA28B1EF3F00DEC5C0 /* SwiftyJSON */,
			);
			productName = Sesac_Diary;
			productReference = 97D3D56628B0C94700BECC8B /* Sesac_Diary.app */;
			productType = "com.apple.product-type.application";
		};
/* End PBXNativeTarget section */

/* Begin PBXProject section */
		97D3D55E28B0C94700BECC8B /* Project object */ = {
			isa = PBXProject;
			attributes = {
				BuildIndependentTargetsInParallel = 1;
				LastSwiftUpdateCheck = 1340;
				LastUpgradeCheck = 1340;
				TargetAttributes = {
					97D3D56528B0C94700BECC8B = {
						CreatedOnToolsVersion = 13.4.1;
					};
				};
			};
			buildConfigurationList = 97D3D56128B0C94700BECC8B /* Build configuration list for PBXProject "Sesac_Diary" */;
			compatibilityVersion = "Xcode 13.0";
			developmentRegion = en;
			hasScannedForEncodings = 0;
			knownRegions = (
				en,
				Base,
			);
			mainGroup = 97D3D55D28B0C94700BECC8B;
			packageReferences = (
				97D3D59528B0F99100BECC8B /* XCRemoteSwiftPackageReference "SnapKit" */,
				97E9BCC328B1EF2B00DEC5C0 /* XCRemoteSwiftPackageReference "Kingfisher" */,
				97E9BCC628B1EF3400DEC5C0 /* XCRemoteSwiftPackageReference "Alamofire" */,
				97E9BCC928B1EF3F00DEC5C0 /* XCRemoteSwiftPackageReference "SwiftyJSON" */,
			);
			productRefGroup = 97D3D56728B0C94700BECC8B /* Products */;
			projectDirPath = "";
			projectRoot = "";
			targets = (
				97D3D56528B0C94700BECC8B /* Sesac_Diary */,
			);
		};
/* End PBXProject section */

/* Begin PBXResourcesBuildPhase section */
		97D3D56428B0C94700BECC8B /* Resources */ = {
			isa = PBXResourcesBuildPhase;
			buildActionMask = 2147483647;
			files = (
				97E9BCCD28B1EFEE00DEC5C0 /* .gitignore in Resources */,
				97D3D57628B0C94800BECC8B /* LaunchScreen.storyboard in Resources */,
				97D3D57328B0C94800BECC8B /* Assets.xcassets in Resources */,
				97D3D57128B0C94700BECC8B /* Main.storyboard in Resources */,
			);
			runOnlyForDeploymentPostprocessing = 0;
		};
/* End PBXResourcesBuildPhase section */

/* Begin PBXSourcesBuildPhase section */
		97D3D56228B0C94700BECC8B /* Sources */ = {
			isa = PBXSourcesBuildPhase;
			buildActionMask = 2147483647;
			files = (
				97D3D56E28B0C94700BECC8B /* StartViewController.swift in Sources */,
				97D3D57F28B0C9FC00BECC8B /* BaseViewController.swift in Sources */,
				97D3D58E28B0E43C00BECC8B /* WriteView.swift in Sources */,
				97D3D58128B0CA0500BECC8B /* BaseView.swift in Sources */,
				97D3D58528B0DF8B00BECC8B /* StartView.swift in Sources */,
				97E9BCD428B1F33900DEC5C0 /* EndPoint.swift in Sources */,
				97D3D56A28B0C94700BECC8B /* AppDelegate.swift in Sources */,
				97D3D56C28B0C94700BECC8B /* SceneDelegate.swift in Sources */,
				97D3D58C28B0E43500BECC8B /* WriteViewController.swift in Sources */,
				97D3D59428B0EB4C00BECC8B /* CustomTitleTextField.swift in Sources */,
				97D3D59F28B117CA00BECC8B /* CustomTextView.swift in Sources */,
				97D3D59228B0E45000BECC8B /* ImageSelectView.swift in Sources */,
				97E9BCC228B1EF1900DEC5C0 /* ImageAPIManager.swift in Sources */,
				97E9BCBF28B1E8DE00DEC5C0 /* ImageSearchModel.swift in Sources */,
				97E9BCD128B1F02F00DEC5C0 /* Key.swift in Sources */,
				97D3D59028B0E44900BECC8B /* ImageSelectViewController.swift in Sources */,
				97D3D58828B0E01700BECC8B /* DiaryModel.swift in Sources */,
			);
			runOnlyForDeploymentPostprocessing = 0;
		};
/* End PBXSourcesBuildPhase section */

/* Begin PBXVariantGroup section */
		97D3D56F28B0C94700BECC8B /* Main.storyboard */ = {
			isa = PBXVariantGroup;
			children = (
				97D3D57028B0C94700BECC8B /* Base */,
			);
			name = Main.storyboard;
			sourceTree = "<group>";
		};
		97D3D57428B0C94800BECC8B /* LaunchScreen.storyboard */ = {
			isa = PBXVariantGroup;
			children = (
				97D3D57528B0C94800BECC8B /* Base */,
			);
			name = LaunchScreen.storyboard;
			sourceTree = "<group>";
		};
/* End PBXVariantGroup section */

/* Begin XCBuildConfiguration section */
		97D3D57828B0C94800BECC8B /* Debug */ = {
			isa = XCBuildConfiguration;
			buildSettings = {
				ALWAYS_SEARCH_USER_PATHS = NO;
				CLANG_ANALYZER_NONNULL = YES;
				CLANG_ANALYZER_NUMBER_OBJECT_CONVERSION = YES_AGGRESSIVE;
				CLANG_CXX_LANGUAGE_STANDARD = "gnu++17";
				CLANG_ENABLE_MODULES = YES;
				CLANG_ENABLE_OBJC_ARC = YES;
				CLANG_ENABLE_OBJC_WEAK = YES;
				CLANG_WARN_BLOCK_CAPTURE_AUTORELEASING = YES;
				CLANG_WARN_BOOL_CONVERSION = YES;
				CLANG_WARN_COMMA = YES;
				CLANG_WARN_CONSTANT_CONVERSION = YES;
				CLANG_WARN_DEPRECATED_OBJC_IMPLEMENTATIONS = YES;
				CLANG_WARN_DIRECT_OBJC_ISA_USAGE = YES_ERROR;
				CLANG_WARN_DOCUMENTATION_COMMENTS = YES;
				CLANG_WARN_EMPTY_BODY = YES;
				CLANG_WARN_ENUM_CONVERSION = YES;
				CLANG_WARN_INFINITE_RECURSION = YES;
				CLANG_WARN_INT_CONVERSION = YES;
				CLANG_WARN_NON_LITERAL_NULL_CONVERSION = YES;
				CLANG_WARN_OBJC_IMPLICIT_RETAIN_SELF = YES;
				CLANG_WARN_OBJC_LITERAL_CONVERSION = YES;
				CLANG_WARN_OBJC_ROOT_CLASS = YES_ERROR;
				CLANG_WARN_QUOTED_INCLUDE_IN_FRAMEWORK_HEADER = YES;
				CLANG_WARN_RANGE_LOOP_ANALYSIS = YES;
				CLANG_WARN_STRICT_PROTOTYPES = YES;
				CLANG_WARN_SUSPICIOUS_MOVE = YES;
				CLANG_WARN_UNGUARDED_AVAILABILITY = YES_AGGRESSIVE;
				CLANG_WARN_UNREACHABLE_CODE = YES;
				CLANG_WARN__DUPLICATE_METHOD_MATCH = YES;
				COPY_PHASE_STRIP = NO;
				DEBUG_INFORMATION_FORMAT = dwarf;
				ENABLE_STRICT_OBJC_MSGSEND = YES;
				ENABLE_TESTABILITY = YES;
				GCC_C_LANGUAGE_STANDARD = gnu11;
				GCC_DYNAMIC_NO_PIC = NO;
				GCC_NO_COMMON_BLOCKS = YES;
				GCC_OPTIMIZATION_LEVEL = 0;
				GCC_PREPROCESSOR_DEFINITIONS = (
					"DEBUG=1",
					"$(inherited)",
				);
				GCC_WARN_64_TO_32_BIT_CONVERSION = YES;
				GCC_WARN_ABOUT_RETURN_TYPE = YES_ERROR;
				GCC_WARN_UNDECLARED_SELECTOR = YES;
				GCC_WARN_UNINITIALIZED_AUTOS = YES_AGGRESSIVE;
				GCC_WARN_UNUSED_FUNCTION = YES;
				GCC_WARN_UNUSED_VARIABLE = YES;
				IPHONEOS_DEPLOYMENT_TARGET = 15.5;
				MTL_ENABLE_DEBUG_INFO = INCLUDE_SOURCE;
				MTL_FAST_MATH = YES;
				ONLY_ACTIVE_ARCH = YES;
				SDKROOT = iphoneos;
				SWIFT_ACTIVE_COMPILATION_CONDITIONS = DEBUG;
				SWIFT_OPTIMIZATION_LEVEL = "-Onone";
			};
			name = Debug;
		};
		97D3D57928B0C94800BECC8B /* Release */ = {
			isa = XCBuildConfiguration;
			buildSettings = {
				ALWAYS_SEARCH_USER_PATHS = NO;
				CLANG_ANALYZER_NONNULL = YES;
				CLANG_ANALYZER_NUMBER_OBJECT_CONVERSION = YES_AGGRESSIVE;
				CLANG_CXX_LANGUAGE_STANDARD = "gnu++17";
				CLANG_ENABLE_MODULES = YES;
				CLANG_ENABLE_OBJC_ARC = YES;
				CLANG_ENABLE_OBJC_WEAK = YES;
				CLANG_WARN_BLOCK_CAPTURE_AUTORELEASING = YES;
				CLANG_WARN_BOOL_CONVERSION = YES;
				CLANG_WARN_COMMA = YES;
				CLANG_WARN_CONSTANT_CONVERSION = YES;
				CLANG_WARN_DEPRECATED_OBJC_IMPLEMENTATIONS = YES;
				CLANG_WARN_DIRECT_OBJC_ISA_USAGE = YES_ERROR;
				CLANG_WARN_DOCUMENTATION_COMMENTS = YES;
				CLANG_WARN_EMPTY_BODY = YES;
				CLANG_WARN_ENUM_CONVERSION = YES;
				CLANG_WARN_INFINITE_RECURSION = YES;
				CLANG_WARN_INT_CONVERSION = YES;
				CLANG_WARN_NON_LITERAL_NULL_CONVERSION = YES;
				CLANG_WARN_OBJC_IMPLICIT_RETAIN_SELF = YES;
				CLANG_WARN_OBJC_LITERAL_CONVERSION = YES;
				CLANG_WARN_OBJC_ROOT_CLASS = YES_ERROR;
				CLANG_WARN_QUOTED_INCLUDE_IN_FRAMEWORK_HEADER = YES;
				CLANG_WARN_RANGE_LOOP_ANALYSIS = YES;
				CLANG_WARN_STRICT_PROTOTYPES = YES;
				CLANG_WARN_SUSPICIOUS_MOVE = YES;
				CLANG_WARN_UNGUARDED_AVAILABILITY = YES_AGGRESSIVE;
				CLANG_WARN_UNREACHABLE_CODE = YES;
				CLANG_WARN__DUPLICATE_METHOD_MATCH = YES;
				COPY_PHASE_STRIP = NO;
				DEBUG_INFORMATION_FORMAT = "dwarf-with-dsym";
				ENABLE_NS_ASSERTIONS = NO;
				ENABLE_STRICT_OBJC_MSGSEND = YES;
				GCC_C_LANGUAGE_STANDARD = gnu11;
				GCC_NO_COMMON_BLOCKS = YES;
				GCC_WARN_64_TO_32_BIT_CONVERSION = YES;
				GCC_WARN_ABOUT_RETURN_TYPE = YES_ERROR;
				GCC_WARN_UNDECLARED_SELECTOR = YES;
				GCC_WARN_UNINITIALIZED_AUTOS = YES_AGGRESSIVE;
				GCC_WARN_UNUSED_FUNCTION = YES;
				GCC_WARN_UNUSED_VARIABLE = YES;
				IPHONEOS_DEPLOYMENT_TARGET = 15.5;
				MTL_ENABLE_DEBUG_INFO = NO;
				MTL_FAST_MATH = YES;
				SDKROOT = iphoneos;
				SWIFT_COMPILATION_MODE = wholemodule;
				SWIFT_OPTIMIZATION_LEVEL = "-O";
				VALIDATE_PRODUCT = YES;
			};
			name = Release;
		};
		97D3D57B28B0C94800BECC8B /* Debug */ = {
			isa = XCBuildConfiguration;
			buildSettings = {
				ASSETCATALOG_COMPILER_APPICON_NAME = AppIcon;
				ASSETCATALOG_COMPILER_GLOBAL_ACCENT_COLOR_NAME = AccentColor;
				CODE_SIGN_STYLE = Automatic;
				CURRENT_PROJECT_VERSION = 1;
				DEVELOPMENT_TEAM = 3C6U386B4C;
				GENERATE_INFOPLIST_FILE = YES;
				INFOPLIST_FILE = Sesac_Diary/Info.plist;
				INFOPLIST_KEY_UIApplicationSupportsIndirectInputEvents = YES;
				INFOPLIST_KEY_UILaunchStoryboardName = LaunchScreen;
				INFOPLIST_KEY_UIMainStoryboardFile = Main;
				INFOPLIST_KEY_UISupportedInterfaceOrientations_iPad = "UIInterfaceOrientationPortrait UIInterfaceOrientationPortraitUpsideDown UIInterfaceOrientationLandscapeLeft UIInterfaceOrientationLandscapeRight";
				INFOPLIST_KEY_UISupportedInterfaceOrientations_iPhone = "UIInterfaceOrientationPortrait UIInterfaceOrientationLandscapeLeft UIInterfaceOrientationLandscapeRight";
				LD_RUNPATH_SEARCH_PATHS = (
					"$(inherited)",
					"@executable_path/Frameworks",
				);
				MARKETING_VERSION = 1.0;
				PRODUCT_BUNDLE_IDENTIFIER = "com.hee.Sesac-Diary";
				PRODUCT_NAME = "$(TARGET_NAME)";
				SWIFT_EMIT_LOC_STRINGS = YES;
				SWIFT_VERSION = 5.0;
				TARGETED_DEVICE_FAMILY = "1,2";
			};
			name = Debug;
		};
		97D3D57C28B0C94800BECC8B /* Release */ = {
			isa = XCBuildConfiguration;
			buildSettings = {
				ASSETCATALOG_COMPILER_APPICON_NAME = AppIcon;
				ASSETCATALOG_COMPILER_GLOBAL_ACCENT_COLOR_NAME = AccentColor;
				CODE_SIGN_STYLE = Automatic;
				CURRENT_PROJECT_VERSION = 1;
				DEVELOPMENT_TEAM = 3C6U386B4C;
				GENERATE_INFOPLIST_FILE = YES;
				INFOPLIST_FILE = Sesac_Diary/Info.plist;
				INFOPLIST_KEY_UIApplicationSupportsIndirectInputEvents = YES;
				INFOPLIST_KEY_UILaunchStoryboardName = LaunchScreen;
				INFOPLIST_KEY_UIMainStoryboardFile = Main;
				INFOPLIST_KEY_UISupportedInterfaceOrientations_iPad = "UIInterfaceOrientationPortrait UIInterfaceOrientationPortraitUpsideDown UIInterfaceOrientationLandscapeLeft UIInterfaceOrientationLandscapeRight";
				INFOPLIST_KEY_UISupportedInterfaceOrientations_iPhone = "UIInterfaceOrientationPortrait UIInterfaceOrientationLandscapeLeft UIInterfaceOrientationLandscapeRight";
				LD_RUNPATH_SEARCH_PATHS = (
					"$(inherited)",
					"@executable_path/Frameworks",
				);
				MARKETING_VERSION = 1.0;
				PRODUCT_BUNDLE_IDENTIFIER = "com.hee.Sesac-Diary";
				PRODUCT_NAME = "$(TARGET_NAME)";
				SWIFT_EMIT_LOC_STRINGS = YES;
				SWIFT_VERSION = 5.0;
				TARGETED_DEVICE_FAMILY = "1,2";
			};
			name = Release;
		};
/* End XCBuildConfiguration section */

/* Begin XCConfigurationList section */
		97D3D56128B0C94700BECC8B /* Build configuration list for PBXProject "Sesac_Diary" */ = {
			isa = XCConfigurationList;
			buildConfigurations = (
				97D3D57828B0C94800BECC8B /* Debug */,
				97D3D57928B0C94800BECC8B /* Release */,
			);
			defaultConfigurationIsVisible = 0;
			defaultConfigurationName = Release;
		};
		97D3D57A28B0C94800BECC8B /* Build configuration list for PBXNativeTarget "Sesac_Diary" */ = {
			isa = XCConfigurationList;
			buildConfigurations = (
				97D3D57B28B0C94800BECC8B /* Debug */,
				97D3D57C28B0C94800BECC8B /* Release */,
			);
			defaultConfigurationIsVisible = 0;
			defaultConfigurationName = Release;
		};
/* End XCConfigurationList section */

/* Begin XCRemoteSwiftPackageReference section */
		97D3D59528B0F99100BECC8B /* XCRemoteSwiftPackageReference "SnapKit" */ = {
			isa = XCRemoteSwiftPackageReference;
			repositoryURL = "https://github.com/SnapKit/SnapKit.git";
			requirement = {
				kind = upToNextMajorVersion;
				minimumVersion = 5.0.0;
			};
		};
		97E9BCC328B1EF2B00DEC5C0 /* XCRemoteSwiftPackageReference "Kingfisher" */ = {
			isa = XCRemoteSwiftPackageReference;
			repositoryURL = "https://github.com/onevcat/Kingfisher.git";
			requirement = {
				kind = upToNextMajorVersion;
				minimumVersion = 7.0.0;
			};
		};
		97E9BCC628B1EF3400DEC5C0 /* XCRemoteSwiftPackageReference "Alamofire" */ = {
			isa = XCRemoteSwiftPackageReference;
			repositoryURL = "https://github.com/Alamofire/Alamofire.git";
			requirement = {
				kind = upToNextMajorVersion;
				minimumVersion = 5.0.0;
			};
		};
		97E9BCC928B1EF3F00DEC5C0 /* XCRemoteSwiftPackageReference "SwiftyJSON" */ = {
			isa = XCRemoteSwiftPackageReference;
			repositoryURL = "https://github.com/SwiftyJSON/SwiftyJSON.git";
			requirement = {
				kind = upToNextMajorVersion;
				minimumVersion = 5.0.0;
			};
		};
/* End XCRemoteSwiftPackageReference section */

/* Begin XCSwiftPackageProductDependency section */
		97D3D59628B0F99100BECC8B /* SnapKit */ = {
			isa = XCSwiftPackageProductDependency;
			package = 97D3D59528B0F99100BECC8B /* XCRemoteSwiftPackageReference "SnapKit" */;
			productName = SnapKit;
		};
		97E9BCC428B1EF2B00DEC5C0 /* Kingfisher */ = {
			isa = XCSwiftPackageProductDependency;
			package = 97E9BCC328B1EF2B00DEC5C0 /* XCRemoteSwiftPackageReference "Kingfisher" */;
			productName = Kingfisher;
		};
		97E9BCC728B1EF3400DEC5C0 /* Alamofire */ = {
			isa = XCSwiftPackageProductDependency;
			package = 97E9BCC628B1EF3400DEC5C0 /* XCRemoteSwiftPackageReference "Alamofire" */;
			productName = Alamofire;
		};
		97E9BCCA28B1EF3F00DEC5C0 /* SwiftyJSON */ = {
			isa = XCSwiftPackageProductDependency;
			package = 97E9BCC928B1EF3F00DEC5C0 /* XCRemoteSwiftPackageReference "SwiftyJSON" */;
			productName = SwiftyJSON;
		};
/* End XCSwiftPackageProductDependency section */
	};
	rootObject = 97D3D55E28B0C94700BECC8B /* Project object */;
}
